Microsoft Visual Studio Solution File, Format Version 12.00
# Visual Studio Version 16
VisualStudioVersion = 16.0.28315.86
MinimumVisualStudioVersion = 10.0.40219.1
Project("{8BC9CEB8-8B4A-11D0-8D11-00A0C91BC942}") = "hdf", "hdf\src\hdf.vcxproj", "{093AADC9-9D86-4C5C-B56C-1284F4C9D8BD}"
EndProject
Project("{8BC9CEB8-8B4A-11D0-8D11-00A0C91BC942}") = "mfhdf", "mfhdf\libsrc\mfhdf.vcxproj", "{5EB1EEFB-3C23-4FC6-B3CB-8938A7510836}"
	ProjectSection(ProjectDependencies) = postProject
		{093AADC9-9D86-4C5C-B56C-1284F4C9D8BD} = {093AADC9-9D86-4C5C-B56C-1284F4C9D8BD}
		{37F75F31-7EF2-49A5-AC92-BF8791F3069C} = {37F75F31-7EF2-49A5-AC92-BF8791F3069C}
	EndProjectSection
EndProject
Project("{8BC9CEB8-8B4A-11D0-8D11-00A0C91BC942}") = "xdr", "xdr\xdr.vcxproj", "{37F75F31-7EF2-49A5-AC92-BF8791F3069C}"
EndProject
Global
	GlobalSection(SolutionConfigurationPlatforms) = preSolution
		Debug|Win32 = Debug|Win32
		Debug|x64 = Debug|x64
		Release|Win32 = Release|Win32
		Release|x64 = Release|x64
		vs2010_Debug|Win32 = vs2010_Debug|Win32
		vs2010_Debug|x64 = vs2010_Debug|x64
		vs2010_Release|Win32 = vs2010_Release|Win32
		vs2010_Release|x64 = vs2010_Release|x64
		vs2012_Debug|Win32 = vs2012_Debug|Win32
		vs2012_Debug|x64 = vs2012_Debug|x64
		vs2012_Release|Win32 = vs2012_Release|Win32
		vs2012_Release|x64 = vs2012_Release|x64
		vs2015_Debug|Win32 = vs2015_Debug|Win32
		vs2015_Debug|x64 = vs2015_Debug|x64
		vs2015_Release|Win32 = vs2015_Release|Win32
		vs2015_Release|x64 = vs2015_Release|x64
		vs2017_Debug|Win32 = vs2017_Debug|Win32
		vs2017_Debug|x64 = vs2017_Debug|x64
		vs2017_Release|Win32 = vs2017_Release|Win32
		vs2017_Release|x64 = vs2017_Release|x64
		vs2019_Debug|Win32 = vs2019_Debug|Win32
		vs2019_Debug|x64 = vs2019_Debug|x64
		vs2019_Release|Win32 = vs2019_Release|Win32
		vs2019_Release|x64 = vs2019_Release|x64
	EndGlobalSection
	GlobalSection(ProjectConfigurationPlatforms) = postSolution
		{093AADC9-9D86-4C5C-B56C-1284F4C9D8BD}.Debug|Win32.ActiveCfg = Debug|Win32
		{093AADC9-9D86-4C5C-B56C-1284F4C9D8BD}.Debug|Win32.Build.0 = Debug|Win32
		{093AADC9-9D86-4C5C-B56C-1284F4C9D8BD}.Debug|x64.ActiveCfg = Debug|x64
		{093AADC9-9D86-4C5C-B56C-1284F4C9D8BD}.Debug|x64.Build.0 = Debug|x64
		{093AADC9-9D86-4C5C-B56C-1284F4C9D8BD}.Release|Win32.ActiveCfg = Release|Win32
		{093AADC9-9D86-4C5C-B56C-1284F4C9D8BD}.Release|Win32.Build.0 = Release|Win32
		{093AADC9-9D86-4C5C-B56C-1284F4C9D8BD}.Release|x64.ActiveCfg = Release|x64
		{093AADC9-9D86-4C5C-B56C-1284F4C9D8BD}.Release|x64.Build.0 = Release|x64
		{093AADC9-9D86-4C5C-B56C-1284F4C9D8BD}.vs2010_Debug|Win32.ActiveCfg = vs2010_Debug|Win32
		{093AADC9-9D86-4C5C-B56C-1284F4C9D8BD}.vs2010_Debug|Win32.Build.0 = vs2010_Debug|Win32
		{093AADC9-9D86-4C5C-B56C-1284F4C9D8BD}.vs2010_Debug|x64.ActiveCfg = vs2010_Debug|x64
		{093AADC9-9D86-4C5C-B56C-1284F4C9D8BD}.vs2010_Debug|x64.Build.0 = vs2010_Debug|x64
		{093AADC9-9D86-4C5C-B56C-1284F4C9D8BD}.vs2010_Release|Win32.ActiveCfg = vs2010_Release|Win32
		{093AADC9-9D86-4C5C-B56C-1284F4C9D8BD}.vs2010_Release|Win32.Build.0 = vs2010_Release|Win32
		{093AADC9-9D86-4C5C-B56C-1284F4C9D8BD}.vs2010_Release|x64.ActiveCfg = vs2010_Release|x64
		{093AADC9-9D86-4C5C-B56C-1284F4C9D8BD}.vs2010_Release|x64.Build.0 = vs2010_Release|x64
		{093AADC9-9D86-4C5C-B56C-1284F4C9D8BD}.vs2012_Debug|Win32.ActiveCfg = vs2012_Debug|Win32
		{093AADC9-9D86-4C5C-B56C-1284F4C9D8BD}.vs2012_Debug|Win32.Build.0 = vs2012_Debug|Win32
		{093AADC9-9D86-4C5C-B56C-1284F4C9D8BD}.vs2012_Debug|x64.ActiveCfg = vs2012_Debug|x64
		{093AADC9-9D86-4C5C-B56C-1284F4C9D8BD}.vs2012_Debug|x64.Build.0 = vs2012_Debug|x64
		{093AADC9-9D86-4C5C-B56C-1284F4C9D8BD}.vs2012_Release|Win32.ActiveCfg = vs2012_Release|Win32
		{093AADC9-9D86-4C5C-B56C-1284F4C9D8BD}.vs2012_Release|Win32.Build.0 = vs2012_Release|Win32
		{093AADC9-9D86-4C5C-B56C-1284F4C9D8BD}.vs2012_Release|x64.ActiveCfg = vs2012_Release|x64
		{093AADC9-9D86-4C5C-B56C-1284F4C9D8BD}.vs2012_Release|x64.Build.0 = vs2012_Release|x64
		{093AADC9-9D86-4C5C-B56C-1284F4C9D8BD}.vs2015_Debug|Win32.ActiveCfg = vs2015_Debug|Win32
		{093AADC9-9D86-4C5C-B56C-1284F4C9D8BD}.vs2015_Debug|Win32.Build.0 = vs2015_Debug|Win32
		{093AADC9-9D86-4C5C-B56C-1284F4C9D8BD}.vs2015_Debug|x64.ActiveCfg = vs2015_Debug|x64
		{093AADC9-9D86-4C5C-B56C-1284F4C9D8BD}.vs2015_Debug|x64.Build.0 = vs2015_Debug|x64
		{093AADC9-9D86-4C5C-B56C-1284F4C9D8BD}.vs2015_Release|Win32.ActiveCfg = vs2015_Release|Win32
		{093AADC9-9D86-4C5C-B56C-1284F4C9D8BD}.vs2015_Release|Win32.Build.0 = vs2015_Release|Win32
		{093AADC9-9D86-4C5C-B56C-1284F4C9D8BD}.vs2015_Release|x64.ActiveCfg = vs2015_Release|x64
		{093AADC9-9D86-4C5C-B56C-1284F4C9D8BD}.vs2015_Release|x64.Build.0 = vs2015_Release|x64
		{093AADC9-9D86-4C5C-B56C-1284F4C9D8BD}.vs2017_Debug|Win32.ActiveCfg = vs2017_Debug|Win32
		{093AADC9-9D86-4C5C-B56C-1284F4C9D8BD}.vs2017_Debug|Win32.Build.0 = vs2017_Debug|Win32
		{093AADC9-9D86-4C5C-B56C-1284F4C9D8BD}.vs2017_Debug|x64.ActiveCfg = vs2017_Debug|x64
		{093AADC9-9D86-4C5C-B56C-1284F4C9D8BD}.vs2017_Debug|x64.Build.0 = vs2017_Debug|x64
		{093AADC9-9D86-4C5C-B56C-1284F4C9D8BD}.vs2017_Release|Win32.ActiveCfg = vs2017_Release|Win32
		{093AADC9-9D86-4C5C-B56C-1284F4C9D8BD}.vs2017_Release|Win32.Build.0 = vs2017_Release|Win32
		{093AADC9-9D86-4C5C-B56C-1284F4C9D8BD}.vs2017_Release|x64.ActiveCfg = vs2017_Release|x64
		{093AADC9-9D86-4C5C-B56C-1284F4C9D8BD}.vs2017_Release|x64.Build.0 = vs2017_Release|x64
		{093AADC9-9D86-4C5C-B56C-1284F4C9D8BD}.vs2019_Debug|Win32.ActiveCfg = vs2019_Debug|Win32
		{093AADC9-9D86-4C5C-B56C-1284F4C9D8BD}.vs2019_Debug|Win32.Build.0 = vs2019_Debug|Win32
		{093AADC9-9D86-4C5C-B56C-1284F4C9D8BD}.vs2019_Debug|x64.ActiveCfg = vs2019_Debug|x64
		{093AADC9-9D86-4C5C-B56C-1284F4C9D8BD}.vs2019_Debug|x64.Build.0 = vs2019_Debug|x64
		{093AADC9-9D86-4C5C-B56C-1284F4C9D8BD}.vs2019_Release|Win32.ActiveCfg = vs2019_Release|Win32
		{093AADC9-9D86-4C5C-B56C-1284F4C9D8BD}.vs2019_Release|Win32.Build.0 = vs2019_Release|Win32
		{093AADC9-9D86-4C5C-B56C-1284F4C9D8BD}.vs2019_Release|x64.ActiveCfg = vs2019_Release|x64
		{093AADC9-9D86-4C5C-B56C-1284F4C9D8BD}.vs2019_Release|x64.Build.0 = vs2019_Release|x64
		{5EB1EEFB-3C23-4FC6-B3CB-8938A7510836}.Debug|Win32.ActiveCfg = Debug|Win32
		{5EB1EEFB-3C23-4FC6-B3CB-8938A7510836}.Debug|Win32.Build.0 = Debug|Win32
		{5EB1EEFB-3C23-4FC6-B3CB-8938A7510836}.Debug|x64.ActiveCfg = Debug|x64
		{5EB1EEFB-3C23-4FC6-B3CB-8938A7510836}.Debug|x64.Build.0 = Debug|x64
		{5EB1EEFB-3C23-4FC6-B3CB-8938A7510836}.Release|Win32.ActiveCfg = Release|Win32
		{5EB1EEFB-3C23-4FC6-B3CB-8938A7510836}.Release|Win32.Build.0 = Release|Win32
		{5EB1EEFB-3C23-4FC6-B3CB-8938A7510836}.Release|x64.ActiveCfg = Release|x64
		{5EB1EEFB-3C23-4FC6-B3CB-8938A7510836}.Release|x64.Build.0 = Release|x64
		{5EB1EEFB-3C23-4FC6-B3CB-8938A7510836}.vs2010_Debug|Win32.ActiveCfg = vs2010_Debug|Win32
		{5EB1EEFB-3C23-4FC6-B3CB-8938A7510836}.vs2010_Debug|Win32.Build.0 = vs2010_Debug|Win32
		{5EB1EEFB-3C23-4FC6-B3CB-8938A7510836}.vs2010_Debug|x64.ActiveCfg = vs2010_Debug|x64
		{5EB1EEFB-3C23-4FC6-B3CB-8938A7510836}.vs2010_Debug|x64.Build.0 = vs2010_Debug|x64
		{5EB1EEFB-3C23-4FC6-B3CB-8938A7510836}.vs2010_Release|Win32.ActiveCfg = vs2010_Release|Win32
		{5EB1EEFB-3C23-4FC6-B3CB-8938A7510836}.vs2010_Release|Win32.Build.0 = vs2010_Release|Win32
		{5EB1EEFB-3C23-4FC6-B3CB-8938A7510836}.vs2010_Release|x64.ActiveCfg = vs2010_Release|x64
		{5EB1EEFB-3C23-4FC6-B3CB-8938A7510836}.vs2010_Release|x64.Build.0 = vs2010_Release|x64
		{5EB1EEFB-3C23-4FC6-B3CB-8938A7510836}.vs2012_Debug|Win32.ActiveCfg = vs2012_Debug|Win32
		{5EB1EEFB-3C23-4FC6-B3CB-8938A7510836}.vs2012_Debug|Win32.Build.0 = vs2012_Debug|Win32
		{5EB1EEFB-3C23-4FC6-B3CB-8938A7510836}.vs2012_Debug|x64.ActiveCfg = vs2012_Debug|x64
		{5EB1EEFB-3C23-4FC6-B3CB-8938A7510836}.vs2012_Debug|x64.Build.0 = vs2012_Debug|x64
		{5EB1EEFB-3C23-4FC6-B3CB-8938A7510836}.vs2012_Release|Win32.ActiveCfg = vs2012_Release|Win32
		{5EB1EEFB-3C23-4FC6-B3CB-8938A7510836}.vs2012_Release|Win32.Build.0 = vs2012_Release|Win32
		{5EB1EEFB-3C23-4FC6-B3CB-8938A7510836}.vs2012_Release|x64.ActiveCfg = vs2012_Release|x64
		{5EB1EEFB-3C23-4FC6-B3CB-8938A7510836}.vs2012_Release|x64.Build.0 = vs2012_Release|x64
		{5EB1EEFB-3C23-4FC6-B3CB-8938A7510836}.vs2015_Debug|Win32.ActiveCfg = vs2015_Debug|Win32
		{5EB1EEFB-3C23-4FC6-B3CB-8938A7510836}.vs2015_Debug|Win32.Build.0 = vs2015_Debug|Win32
		{5EB1EEFB-3C23-4FC6-B3CB-8938A7510836}.vs2015_Debug|x64.ActiveCfg = vs2015_Debug|x64
		{5EB1EEFB-3C23-4FC6-B3CB-8938A7510836}.vs2015_Debug|x64.Build.0 = vs2015_Debug|x64
		{5EB1EEFB-3C23-4FC6-B3CB-8938A7510836}.vs2015_Release|Win32.ActiveCfg = vs2015_Release|Win32
		{5EB1EEFB-3C23-4FC6-B3CB-8938A7510836}.vs2015_Release|Win32.Build.0 = vs2015_Release|Win32
		{5EB1EEFB-3C23-4FC6-B3CB-8938A7510836}.vs2015_Release|x64.ActiveCfg = vs2015_Release|x64
		{5EB1EEFB-3C23-4FC6-B3CB-8938A7510836}.vs2015_Release|x64.Build.0 = vs2015_Release|x64
		{5EB1EEFB-3C23-4FC6-B3CB-8938A7510836}.vs2017_Debug|Win32.ActiveCfg = vs2017_Debug|Win32
		{5EB1EEFB-3C23-4FC6-B3CB-8938A7510836}.vs2017_Debug|Win32.Build.0 = vs2017_Debug|Win32
		{5EB1EEFB-3C23-4FC6-B3CB-8938A7510836}.vs2017_Debug|x64.ActiveCfg = vs2017_Debug|x64
		{5EB1EEFB-3C23-4FC6-B3CB-8938A7510836}.vs2017_Debug|x64.Build.0 = vs2017_Debug|x64
		{5EB1EEFB-3C23-4FC6-B3CB-8938A7510836}.vs2017_Release|Win32.ActiveCfg = vs2017_Release|Win32
		{5EB1EEFB-3C23-4FC6-B3CB-8938A7510836}.vs2017_Release|Win32.Build.0 = vs2017_Release|Win32
		{5EB1EEFB-3C23-4FC6-B3CB-8938A7510836}.vs2017_Release|x64.ActiveCfg = vs2017_Release|x64
		{5EB1EEFB-3C23-4FC6-B3CB-8938A7510836}.vs2017_Release|x64.Build.0 = vs2017_Release|x64
		{5EB1EEFB-3C23-4FC6-B3CB-8938A7510836}.vs2019_Debug|Win32.ActiveCfg = vs2019_Debug|Win32
		{5EB1EEFB-3C23-4FC6-B3CB-8938A7510836}.vs2019_Debug|Win32.Build.0 = vs2019_Debug|Win32
		{5EB1EEFB-3C23-4FC6-B3CB-8938A7510836}.vs2019_Debug|x64.ActiveCfg = vs2019_Debug|x64
		{5EB1EEFB-3C23-4FC6-B3CB-8938A7510836}.vs2019_Debug|x64.Build.0 = vs2019_Debug|x64
		{5EB1EEFB-3C23-4FC6-B3CB-8938A7510836}.vs2019_Release|Win32.ActiveCfg = vs2019_Release|Win32
		{5EB1EEFB-3C23-4FC6-B3CB-8938A7510836}.vs2019_Release|Win32.Build.0 = vs2019_Release|Win32
		{5EB1EEFB-3C23-4FC6-B3CB-8938A7510836}.vs2019_Release|x64.ActiveCfg = vs2019_Release|x64
		{5EB1EEFB-3C23-4FC6-B3CB-8938A7510836}.vs2019_Release|x64.Build.0 = vs2019_Release|x64
		{37F75F31-7EF2-49A5-AC92-BF8791F3069C}.Debug|Win32.ActiveCfg = Debug|Win32
		{37F75F31-7EF2-49A5-AC92-BF8791F3069C}.Debug|Win32.Build.0 = Debug|Win32
		{37F75F31-7EF2-49A5-AC92-BF8791F3069C}.Debug|x64.ActiveCfg = Debug|x64
		{37F75F31-7EF2-49A5-AC92-BF8791F3069C}.Debug|x64.Build.0 = Debug|x64
		{37F75F31-7EF2-49A5-AC92-BF8791F3069C}.Release|Win32.ActiveCfg = Release|Win32
		{37F75F31-7EF2-49A5-AC92-BF8791F3069C}.Release|Win32.Build.0 = Release|Win32
		{37F75F31-7EF2-49A5-AC92-BF8791F3069C}.Release|x64.ActiveCfg = Release|x64
		{37F75F31-7EF2-49A5-AC92-BF8791F3069C}.Release|x64.Build.0 = Release|x64
		{37F75F31-7EF2-49A5-AC92-BF8791F3069C}.vs2010_Debug|Win32.ActiveCfg = vs2010_Debug|Win32
		{37F75F31-7EF2-49A5-AC92-BF8791F3069C}.vs2010_Debug|Win32.Build.0 = vs2010_Debug|Win32
		{37F75F31-7EF2-49A5-AC92-BF8791F3069C}.vs2010_Debug|x64.ActiveCfg = vs2010_Debug|x64
		{37F75F31-7EF2-49A5-AC92-BF8791F3069C}.vs2010_Debug|x64.Build.0 = vs2010_Debug|x64
		{37F75F31-7EF2-49A5-AC92-BF8791F3069C}.vs2010_Release|Win32.ActiveCfg = vs2010_Release|Win32
		{37F75F31-7EF2-49A5-AC92-BF8791F3069C}.vs2010_Release|Win32.Build.0 = vs2010_Release|Win32
		{37F75F31-7EF2-49A5-AC92-BF8791F3069C}.vs2010_Release|x64.ActiveCfg = vs2010_Release|x64
		{37F75F31-7EF2-49A5-AC92-BF8791F3069C}.vs2010_Release|x64.Build.0 = vs2010_Release|x64
		{37F75F31-7EF2-49A5-AC92-BF8791F3069C}.vs2012_Debug|Win32.ActiveCfg = vs2012_Debug|Win32
		{37F75F31-7EF2-49A5-AC92-BF8791F3069C}.vs2012_Debug|Win32.Build.0 = vs2012_Debug|Win32
		{37F75F31-7EF2-49A5-AC92-BF8791F3069C}.vs2012_Debug|x64.ActiveCfg = vs2012_Debug|x64
		{37F75F31-7EF2-49A5-AC92-BF8791F3069C}.vs2012_Debug|x64.Build.0 = vs2012_Debug|x64
		{37F75F31-7EF2-49A5-AC92-BF8791F3069C}.vs2012_Release|Win32.ActiveCfg = vs2012_Release|Win32
		{37F75F31-7EF2-49A5-AC92-BF8791F3069C}.vs2012_Release|Win32.Build.0 = vs2012_Release|Win32
		{37F75F31-7EF2-49A5-AC92-BF8791F3069C}.vs2012_Release|x64.ActiveCfg = vs2012_Release|x64
		{37F75F31-7EF2-49A5-AC92-BF8791F3069C}.vs2012_Release|x64.Build.0 = vs2012_Release|x64
		{37F75F31-7EF2-49A5-AC92-BF8791F3069C}.vs2015_Debug|Win32.ActiveCfg = vs2015_Debug|Win32
		{37F75F31-7EF2-49A5-AC92-BF8791F3069C}.vs2015_Debug|Win32.Build.0 = vs2015_Debug|Win32
		{37F75F31-7EF2-49A5-AC92-BF8791F3069C}.vs2015_Debug|x64.ActiveCfg = vs2015_Debug|x64
		{37F75F31-7EF2-49A5-AC92-BF8791F3069C}.vs2015_Debug|x64.Build.0 = vs2015_Debug|x64
		{37F75F31-7EF2-49A5-AC92-BF8791F3069C}.vs2015_Release|Win32.ActiveCfg = vs2015_Release|Win32
		{37F75F31-7EF2-49A5-AC92-BF8791F3069C}.vs2015_Release|Win32.Build.0 = vs2015_Release|Win32
		{37F75F31-7EF2-49A5-AC92-BF8791F3069C}.vs2015_Release|x64.ActiveCfg = vs2015_Release|x64
		{37F75F31-7EF2-49A5-AC92-BF8791F3069C}.vs2015_Release|x64.Build.0 = vs2015_Release|x64
		{37F75F31-7EF2-49A5-AC92-BF8791F3069C}.vs2017_Debug|Win32.ActiveCfg = vs2017_Debug|Win32
		{37F75F31-7EF2-49A5-AC92-BF8791F3069C}.vs2017_Debug|Win32.Build.0 = vs2017_Debug|Win32
		{37F75F31-7EF2-49A5-AC92-BF8791F3069C}.vs2017_Debug|x64.ActiveCfg = vs2017_Debug|x64
		{37F75F31-7EF2-49A5-AC92-BF8791F3069C}.vs2017_Debug|x64.Build.0 = vs2017_Debug|x64
		{37F75F31-7EF2-49A5-AC92-BF8791F3069C}.vs2017_Release|Win32.ActiveCfg = vs2017_Release|Win32
		{37F75F31-7EF2-49A5-AC92-BF8791F3069C}.vs2017_Release|Win32.Build.0 = vs2017_Release|Win32
		{37F75F31-7EF2-49A5-AC92-BF8791F3069C}.vs2017_Release|x64.ActiveCfg = vs2017_Release|x64
		{37F75F31-7EF2-49A5-AC92-BF8791F3069C}.vs2017_Release|x64.Build.0 = vs2017_Release|x64
		{37F75F31-7EF2-49A5-AC92-BF8791F3069C}.vs2019_Debug|Win32.ActiveCfg = vs2019_Debug|Win32
		{37F75F31-7EF2-49A5-AC92-BF8791F3069C}.vs2019_Debug|Win32.Build.0 = vs2019_Debug|Win32
		{37F75F31-7EF2-49A5-AC92-BF8791F3069C}.vs2019_Debug|x64.ActiveCfg = vs2019_Debug|x64
		{37F75F31-7EF2-49A5-AC92-BF8791F3069C}.vs2019_Debug|x64.Build.0 = vs2019_Debug|x64
		{37F75F31-7EF2-49A5-AC92-BF8791F3069C}.vs2019_Release|Win32.ActiveCfg = vs2019_Release|Win32
		{37F75F31-7EF2-49A5-AC92-BF8791F3069C}.vs2019_Release|Win32.Build.0 = vs2019_Release|Win32
		{37F75F31-7EF2-49A5-AC92-BF8791F3069C}.vs2019_Release|x64.ActiveCfg = vs2019_Release|x64
		{37F75F31-7EF2-49A5-AC92-BF8791F3069C}.vs2019_Release|x64.Build.0 = vs2019_Release|x64
	EndGlobalSection
	GlobalSection(SolutionProperties) = preSolution
		HideSolutionNode = FALSE
	EndGlobalSection
	GlobalSection(ExtensibilityGlobals) = postSolution
		SolutionGuid = {08147143-416D-479E-8EC4-281D4364FD43}
	EndGlobalSection
EndGlobal
